{
  "name": "big-int-stats",
  "version": "2.0.1",
  "lockfileVersion": 3,
  "requires": true,
  "packages": {
    "": {
      "name": "big-int-stats",
      "version": "2.0.1",
      "license": "MIT",
      "dependencies": {
        "fs-constants": "^1.0.0",
        "jsbi-compat": "^1.0.0",
        "normalize-stats": "^1.1.1"
      },
      "devDependencies": {
        "@types/mocha": "*",
        "@types/node": "*",
        "core-js": "*",
        "fs-generate": "*",
        "fs-stats-spys": "*",
        "lodash.isdate": "*",
        "rimraf2": "*"
      },
      "engines": {
        "node": ">=0.8"
      }
    },
    "node_modules/@types/mocha": {
      "version": "10.0.10",
      "resolved": "https://registry.npmjs.org/@types/mocha/-/mocha-10.0.10.tgz",
      "integrity": "sha512-xPyYSz1cMPnJQhl0CLMH68j3gprKZaTjG3s5Vi+fDgx+uhG9NOXwbVt52eFS8ECyXhyKcjDLCBEqBExKuiZb7Q==",
      "dev": true,
      "license": "MIT"
    },
    "node_modules/@types/node": {
      "version": "24.9.1",
      "resolved": "https://registry.npmjs.org/@types/node/-/node-24.9.1.tgz",
      "integrity": "sha512-QoiaXANRkSXK6p0Duvt56W208du4P9Uye9hWLWgGMDTEoKPhuenzNcC4vGUmrNkiOKTlIrBoyNQYNpSwfEZXSg==",
      "dev": true,
      "license": "MIT",
      "dependencies": {
        "undici-types": "~7.16.0"
      }
    },
    "node_modules/char-code-at": {
      "version": "0.0.1",
      "resolved": "https://registry.npmjs.org/char-code-at/-/char-code-at-0.0.1.tgz",
      "integrity": "sha512-6IM7U5WSogetqAda2nicPjNBItOofZ/P+4Vcojv8ZHeMKPpO6GG69kINJ/yj1il5ns/Nh8e4Dqeo8tC57p53lQ==",
      "license": "MIT",
      "dependencies": {
        "@types/node": "^11.13.8",
        "commander": "^2.20.0"
      },
      "bin": {
        "char-code-at": "lib/char-code-at.js"
      }
    },
    "node_modules/char-code-at/node_modules/@types/node": {
      "version": "11.15.54",
      "resolved": "https://registry.npmjs.org/@types/node/-/node-11.15.54.tgz",
      "integrity": "sha512-1RWYiq+5UfozGsU6MwJyFX6BtktcT10XRjvcAQmskCtMcW3tPske88lM/nHv7BQG1w9KBXI1zPGuu5PnNCX14g==",
      "license": "MIT"
    },
    "node_modules/clz32": {
      "version": "1.0.1",
      "resolved": "https://registry.npmjs.org/clz32/-/clz32-1.0.1.tgz",
      "integrity": "sha512-IRMkBJnuSH6gWuVj79H0kcH1qxZW21sb0d6uvLqDlGLr1fAQGlV4l7ZtS7N3SqgSHp230OjwUAqJrCSgLzRK8w==",
      "license": "MIT",
      "engines": {
        "node": ">=0.10.0"
      }
    },
    "node_modules/commander": {
      "version": "2.20.3",
      "resolved": "https://registry.npmjs.org/commander/-/commander-2.20.3.tgz",
      "integrity": "sha512-GpVkmM8vF2vQUkj2LvZmD35JxeJOLCwJ9cUkugyk2nuhbv3+mJvpLYYt+0+USMxE+oj+ey/lJEnhZw75x/OMcQ==",
      "license": "MIT"
    },
    "node_modules/core-js": {
      "version": "3.46.0",
      "resolved": "https://registry.npmjs.org/core-js/-/core-js-3.46.0.tgz",
      "integrity": "sha512-vDMm9B0xnqqZ8uSBpZ8sNtRtOdmfShrvT6h2TuQGLs0Is+cR0DYbj/KWP6ALVNbWPpqA/qPLoOuppJN07humpA==",
      "dev": true,
      "hasInstallScript": true,
      "license": "MIT",
      "funding": {
        "type": "opencollective",
        "url": "https://opencollective.com/core-js"
      }
    },
    "node_modules/fs-constants": {
      "version": "1.0.0",
      "resolved": "https://registry.npmjs.org/fs-constants/-/fs-constants-1.0.0.tgz",
      "integrity": "sha512-y6OAwoSIf7FyjMIv94u+b5rdheZEjzR63GTyZJm5qh4Bi+2YgwLCcI/fPFZkL5PSixOt6ZNKm+w+Hfp/Bciwow==",
      "license": "MIT"
    },
    "node_modules/fs-generate": {
      "version": "1.10.2",
      "resolved": "https://registry.npmjs.org/fs-generate/-/fs-generate-1.10.2.tgz",
      "integrity": "sha512-OPa75Yk5CpmzXRhrjTqON25nzflgWkaXTXriI9fc4za5J3wtU+y4AxrTIBNnL3oeEyRaxtZh+ScvZbZRjx1i1w==",
      "dev": true,
      "license": "MIT",
      "dependencies": {
        "fs.realpath": "*",
        "graceful-fs": "*",
        "mkdirp-classic": "*",
        "pinkie-promise": "*",
        "queue-cb": "*",
        "rimraf2": "*"
      },
      "engines": {
        "node": ">=0.8"
      }
    },
    "node_modules/fs-stats-spys": {
      "version": "1.2.1",
      "resolved": "https://registry.npmjs.org/fs-stats-spys/-/fs-stats-spys-1.2.1.tgz",
      "integrity": "sha512-hW+TmmL0bmsoNiSprepY3f9G/oyynXZmB/XARDiALCLbhQyc7k7oBWKjXEZegsBzW+6LkHyBpzlJFGPMXtr78w==",
      "dev": true,
      "license": "MIT",
      "engines": {
        "node": ">=0.8"
      }
    },
    "node_modules/fs.realpath": {
      "version": "1.0.0",
      "resolved": "https://registry.npmjs.org/fs.realpath/-/fs.realpath-1.0.0.tgz",
      "integrity": "sha512-OO0pH2lK6a0hZnAdau5ItzHPI6pUlvI7jMVnxUQRtw4owF2wk8lOSabtGDCTP4Ggrg2MbGnWO9X8K1t4+fGMDw==",
      "dev": true,
      "license": "ISC"
    },
    "node_modules/graceful-fs": {
      "version": "4.2.11",
      "resolved": "https://registry.npmjs.org/graceful-fs/-/graceful-fs-4.2.11.tgz",
      "integrity": "sha512-RbJ5/jmFcNNCcDV5o9eTnBLJ/HszWV0P73bc+Ff4nS/rJj+YaS6IGyiOL0VoBYX+l1Wrl3k63h/KrH+nhJ0XvQ==",
      "dev": true,
      "license": "ISC"
    },
    "node_modules/imul": {
      "version": "1.0.1",
      "resolved": "https://registry.npmjs.org/imul/-/imul-1.0.1.tgz",
      "integrity": "sha512-WFAgfwPLAjU66EKt6vRdTlKj4nAgIDQzh29JonLa4Bqtl6D8JrIMvWjCnx7xEjVNmP3U0fM5o8ZObk7d0f62bA==",
      "license": "MIT",
      "engines": {
        "node": ">=0.10.0"
      }
    },
    "node_modules/jsbi": {
      "version": "4.3.2",
      "resolved": "https://registry.npmjs.org/jsbi/-/jsbi-4.3.2.tgz",
      "integrity": "sha512-9fqMSQbhJykSeii05nxKl4m6Eqn2P6rOlYiS+C5Dr/HPIU/7yZxu5qzbs40tgaFORiw2Amd0mirjxatXYMkIew==",
      "license": "Apache-2.0"
    },
    "node_modules/jsbi-compat": {
      "version": "1.0.0",
      "resolved": "https://registry.npmjs.org/jsbi-compat/-/jsbi-compat-1.0.0.tgz",
      "integrity": "sha512-Crii83oL8s32swSIsGEp7xcAQ673Zo3mnAEIs0AQ5cGalGmFrSVL+Bm1MQTGmOuGXN1xokd2XII1Nif+U5AQMw==",
      "license": "MIT",
      "dependencies": {
        "char-code-at": "*",
        "clz32": "*",
        "imul": "*",
        "jsbi": "*",
        "max-safe-integer": "*",
        "setprototypeof": "*"
      },
      "engines": {
        "node": ">=0.8"
      }
    },
    "node_modules/lodash.isdate": {
      "version": "4.0.1",
      "resolved": "https://registry.npmjs.org/lodash.isdate/-/lodash.isdate-4.0.1.tgz",
      "integrity": "sha512-hg5B1GD+R9egsBgMwmAhk+V53Us03TVvXT4dnyKugEfsD4QKuG9Wlyvxq8OGy2nu7qVGsh4DRSnMk33hoWBq/Q==",
      "dev": true,
      "license": "MIT"
    },
    "node_modules/max-safe-integer": {
      "version": "1.0.1",
      "resolved": "https://registry.npmjs.org/max-safe-integer/-/max-safe-integer-1.0.1.tgz",
      "integrity": "sha512-CHZ/Nopqh46UtA0YvLclxj9F95qExLmTnMS5fnYlXvX4zj1RUOC3cPaGEOMhdPE8SSudSQ6wkQUJLA5E/WeL4A==",
      "license": "MIT",
      "engines": {
        "node": ">=0.10.0"
      }
    },
    "node_modules/mkdirp-classic": {
      "version": "0.5.3",
      "resolved": "https://registry.npmjs.org/mkdirp-classic/-/mkdirp-classic-0.5.3.tgz",
      "integrity": "sha512-gKLcREMhtuZRwRAfqP3RFW+TK4JqApVBtOIftVgjuABpAtpxhPGaDcfvbhNvD0B8iD1oUr/txX35NjcaY6Ns/A==",
      "dev": true,
      "license": "MIT"
    },
    "node_modules/normalize-stats": {
      "version": "1.1.1",
      "resolved": "https://registry.npmjs.org/normalize-stats/-/normalize-stats-1.1.1.tgz",
      "integrity": "sha512-p1NryK9cALCWPlXvdhMlgw0EAlyB5ds/5Dg3biz2FbqmWD+5ACpPOc8RJjcnq0BBIytDPKQ9DQlPeTnz2xHC/A==",
      "license": "MIT",
      "engines": {
        "node": ">=0.8"
      }
    },
    "node_modules/pinkie": {
      "version": "2.0.4",
      "resolved": "https://registry.npmjs.org/pinkie/-/pinkie-2.0.4.tgz",
      "integrity": "sha512-MnUuEycAemtSaeFSjXKW/aroV7akBbY+Sv+RkyqFjgAe73F+MR0TBWKBRDkmfWq/HiFmdavfZ1G7h4SPZXaCSg==",
      "dev": true,
      "license": "MIT",
      "engines": {
        "node": ">=0.10.0"
      }
    },
    "node_modules/pinkie-promise": {
      "version": "2.0.1",
      "resolved": "https://registry.npmjs.org/pinkie-promise/-/pinkie-promise-2.0.1.tgz",
      "integrity": "sha512-0Gni6D4UcLTbv9c57DfxDGdr41XfgUjqWZu492f0cIGr16zDU06BWP/RAEvOuo7CQ0CNjHaLlM59YJJFm3NWlw==",
      "dev": true,
      "license": "MIT",
      "dependencies": {
        "pinkie": "^2.0.0"
      },
      "engines": {
        "node": ">=0.10.0"
      }
    },
    "node_modules/queue-cb": {
      "version": "1.5.6",
      "resolved": "https://registry.npmjs.org/queue-cb/-/queue-cb-1.5.6.tgz",
      "integrity": "sha512-0i15bCCxIywCdpBeb+TlPEExEY2XB3JbgodePYnBWhclYOLjPDDIM398RgakfWRSJTW9GPSSdIx3arr6oev7bw==",
      "dev": true,
      "license": "MIT",
      "engines": {
        "node": ">=0.8"
      }
    },
    "node_modules/rimraf2": {
      "version": "2.8.2",
      "resolved": "https://registry.npmjs.org/rimraf2/-/rimraf2-2.8.2.tgz",
      "integrity": "sha512-Bz7P3Zu6lEpek5LduIqg5A2mRu8kCllR+rGYofqq9bRRiHC9m+Py/EiINPt9iu/XOqQ//Q++XSka7EwL3K3Chw==",
      "dev": true,
      "license": "ISC",
      "bin": {
        "rimraf2": "bin.js"
      },
      "peerDependencies": {
        "glob": "*"
      },
      "peerDependenciesMeta": {
        "glob": {
          "optional": true
        }
      }
    },
    "node_modules/setprototypeof": {
      "version": "1.2.0",
      "resolved": "https://registry.npmjs.org/setprototypeof/-/setprototypeof-1.2.0.tgz",
      "integrity": "sha512-E5LDX7Wrp85Kil5bhZv46j8jOeboKq5JMmYM3gVGdGH8xFpPWXUMsNrlODCrkoxMEeNi/XZIwuRvY4XNwYMJpw==",
      "license": "ISC"
    },
    "node_modules/undici-types": {
      "version": "7.16.0",
      "resolved": "https://registry.npmjs.org/undici-types/-/undici-types-7.16.0.tgz",
      "integrity": "sha512-Zz+aZWSj8LE6zoxD+xrjh4VfkIG8Ya6LvYkZqtUQGJPZjYl53ypCaUwWqo7eI0x66KBGeRo+mlBEkMSeSZ38Nw==",
      "dev": true,
      "license": "MIT"
    }
  }
}
